<?xml version="1.0" encoding="utf-8"?>
<Project ToolsVersion="4.0" xmlns="http://schemas.microsoft.com/developer/msbuild/2003">
  <ItemGroup>
    <Filter Include="Resource Files">
      <UniqueIdentifier>{67DA6AB6-F800-4c08-8B7A-83BB121AAD01}</UniqueIdentifier>
      <Extensions>rc;ico;cur;bmp;dlg;rc2;rct;bin;rgs;gif;jpg;jpeg;jpe;resx;tiff;tif;png;wav;mfcribbon-ms</Extensions>
    </Filter>
    <Filter Include="WinMain">
      <UniqueIdentifier>{6a864ff3-84bc-4a5e-b89a-96cb32e0138d}</UniqueIdentifier>
    </Filter>
    <Filter Include="Game">
      <UniqueIdentifier>{0562f317-ad12-4e8c-a3ee-aa7ea3afbaec}</UniqueIdentifier>
    </Filter>
    <Filter Include="Global">
      <UniqueIdentifier>{499401b9-3d32-4b6c-899b-b05378626b90}</UniqueIdentifier>
    </Filter>
    <Filter Include="Object">
      <UniqueIdentifier>{2afe5dfa-e654-4d79-ab0f-41d1af5d7075}</UniqueIdentifier>
    </Filter>
    <Filter Include="FrameWork">
      <UniqueIdentifier>{65022ab1-6950-405a-b44f-fdb1b00503ee}</UniqueIdentifier>
    </Filter>
  </ItemGroup>
  <ItemGroup>
    <ClCompile Include="main.cpp">
      <Filter>WinMain</Filter>
    </ClCompile>
    <ClCompile Include="Game.cpp">
      <Filter>Game</Filter>
    </ClCompile>
    <ClCompile Include="Global.cpp">
      <Filter>Global</Filter>
    </ClCompile>
    <ClCompile Include="Ball.cpp">
      <Filter>Object</Filter>
    </ClCompile>
    <ClCompile Include="SceneMain.cpp">
      <Filter>Game</Filter>
    </ClCompile>
    <ClCompile Include="GSprite.cpp">
      <Filter>FrameWork</Filter>
    </ClCompile>
    <ClCompile Include="Gtexture.cpp">
      <Filter>FrameWork</Filter>
    </ClCompile>
    <ClCompile Include="Object.cpp">
      <Filter>Object</Filter>
    </ClCompile>
    <ClCompile Include="Camera.cpp">
      <Filter>FrameWork</Filter>
    </ClCompile>
    <ClCompile Include="BackGround.cpp">
      <Filter>Object</Filter>
    </ClCompile>
    <ClCompile Include="logger.cpp">
      <Filter>Global</Filter>
    </ClCompile>
  </ItemGroup>
  <ItemGroup>
    <ClInclude Include="Game.h">
      <Filter>Game</Filter>
    </ClInclude>
    <ClInclude Include="Global.h">
      <Filter>Global</Filter>
    </ClInclude>
    <ClInclude Include="Ball.h">
      <Filter>Object</Filter>
    </ClInclude>
    <ClInclude Include="SceneMain.h">
      <Filter>Game</Filter>
    </ClInclude>
    <ClInclude Include="GSprite.h">
      <Filter>FrameWork</Filter>
    </ClInclude>
    <ClInclude Include="GTexture.h">
      <Filter>FrameWork</Filter>
    </ClInclude>
    <ClInclude Include="Object.h">
      <Filter>Object</Filter>
    </ClInclude>
    <ClInclude Include="Camera.h">
      <Filter>FrameWork</Filter>
    </ClInclude>
    <ClInclude Include="BackGround.h">
      <Filter>Object</Filter>
    </ClInclude>
    <ClInclude Include="logger.h">
      <Filter>Global</Filter>
    </ClInclude>
  </ItemGroup>
</Project>